- alias: 'Spotify Alarm Clock'
  trigger:
    platform: time
    minutes: '/1'
    seconds: 00
  condition:
    condition: time
    after: '06:00:00'
    before: '06:05:00'
    weekday:
      - sun
  action:
    - service: media_player.turn_on
      entity_id: media_player.spotify
    - service: media_player.select_source
      data:
        entity_id: media_player.spotify
        source: Jon’s MacBook Air
    - service: media_player.play_media
      entity_id: media_player.spotify
      data:
        media_content_type: playlist
        media_content_id: spotify:user:arretx:playlist:4nm96JMjqnfIkjh6LzeLsP
